
Microsoft Visual Studio Solution File, Format Version 12.00
# Visual Studio 2012
Project("{FAE04EC0-301F-11D3-BF4B-00C04F79EFBC}") = "CollectionDemo", "CollectionDemo\CollectionDemo.csproj", "{DE3727D2-E7F7-4A1C-8406-40563827EACA}"
EndProject
Global
	GlobalSection(SolutionConfigurationPlatforms) = preSolution
		Debug|Any CPU = Debug|Any CPU
		Release|Any CPU = Release|Any CPU
	EndGlobalSection
	GlobalSection(ProjectConfigurationPlatforms) = postSolution
		{DE3727D2-E7F7-4A1C-8406-40563827EACA}.Debug|Any CPU.ActiveCfg = Debug|Any CPU
		{DE3727D2-E7F7-4A1C-8406-40563827EACA}.Debug|Any CPU.Build.0 = Debug|Any CPU
		{DE3727D2-E7F7-4A1C-8406-40563827EACA}.Release|Any CPU.ActiveCfg = Release|Any CPU
		{DE3727D2-E7F7-4A1C-8406-40563827EACA}.Release|Any CPU.Build.0 = Release|Any CPU
	EndGlobalSection
	GlobalSection(SolutionProperties) = preSolution
		HideSolutionNode = FALSE
	EndGlobalSection
EndGlobal
