
Microsoft Visual Studio Solution File, Format Version 12.00
# Visual Studio 2012
Project("{FAE04EC0-301F-11D3-BF4B-00C04F79EFBC}") = "AttributesDemo", "AttributesDemo\AttributesDemo.csproj", "{D00874D1-BE3D-410F-84B3-2E2CE0DF972D}"
EndProject
Global
	GlobalSection(SolutionConfigurationPlatforms) = preSolution
		Debug|Any CPU = Debug|Any CPU
		Release|Any CPU = Release|Any CPU
	EndGlobalSection
	GlobalSection(ProjectConfigurationPlatforms) = postSolution
		{D00874D1-BE3D-410F-84B3-2E2CE0DF972D}.Debug|Any CPU.ActiveCfg = Debug|Any CPU
		{D00874D1-BE3D-410F-84B3-2E2CE0DF972D}.Debug|Any CPU.Build.0 = Debug|Any CPU
		{D00874D1-BE3D-410F-84B3-2E2CE0DF972D}.Release|Any CPU.ActiveCfg = Release|Any CPU
		{D00874D1-BE3D-410F-84B3-2E2CE0DF972D}.Release|Any CPU.Build.0 = Release|Any CPU
	EndGlobalSection
	GlobalSection(SolutionProperties) = preSolution
		HideSolutionNode = FALSE
	EndGlobalSection
EndGlobal
