
Microsoft Visual Studio Solution File, Format Version 12.00
# Visual Studio 2012
Project("{FAE04EC0-301F-11D3-BF4B-00C04F79EFBC}") = "WCFDataService", "WCFDataService\WCFDataService.csproj", "{2660263C-0A67-4FA2-9C72-4886B7716B9B}"
EndProject
Project("{FAE04EC0-301F-11D3-BF4B-00C04F79EFBC}") = "WCFDataService.Client", "WCFDataService.Client\WCFDataService.Client.csproj", "{D8BECE79-1DA8-4495-AA80-62211BCBE4F6}"
EndProject
Global
	GlobalSection(SolutionConfigurationPlatforms) = preSolution
		Debug|Any CPU = Debug|Any CPU
		Release|Any CPU = Release|Any CPU
	EndGlobalSection
	GlobalSection(ProjectConfigurationPlatforms) = postSolution
		{2660263C-0A67-4FA2-9C72-4886B7716B9B}.Debug|Any CPU.ActiveCfg = Debug|Any CPU
		{2660263C-0A67-4FA2-9C72-4886B7716B9B}.Debug|Any CPU.Build.0 = Debug|Any CPU
		{2660263C-0A67-4FA2-9C72-4886B7716B9B}.Release|Any CPU.ActiveCfg = Release|Any CPU
		{2660263C-0A67-4FA2-9C72-4886B7716B9B}.Release|Any CPU.Build.0 = Release|Any CPU
		{D8BECE79-1DA8-4495-AA80-62211BCBE4F6}.Debug|Any CPU.ActiveCfg = Debug|Any CPU
		{D8BECE79-1DA8-4495-AA80-62211BCBE4F6}.Debug|Any CPU.Build.0 = Debug|Any CPU
		{D8BECE79-1DA8-4495-AA80-62211BCBE4F6}.Release|Any CPU.ActiveCfg = Release|Any CPU
		{D8BECE79-1DA8-4495-AA80-62211BCBE4F6}.Release|Any CPU.Build.0 = Release|Any CPU
	EndGlobalSection
	GlobalSection(SolutionProperties) = preSolution
		HideSolutionNode = FALSE
	EndGlobalSection
EndGlobal
